
Microsoft Visual Studio Solution File, Format Version 12.00
# Visual Studio Version 17
VisualStudioVersion = 17.8.34601.278
MinimumVisualStudioVersion = 10.0.40219.1
Project("{9A19103F-16F7-4668-BE54-9A1E7A4F7556}") = "Application", "Application\Application.csproj", "{33E68313-BFFE-4E0C-BEB7-562790E92A34}"
EndProject
Project("{9A19103F-16F7-4668-BE54-9A1E7A4F7556}") = "Domain", "Domain\Domain.csproj", "{E6CE3BE5-7700-4437-8BE2-05E0665AAA45}"
EndProject
Project("{9A19103F-16F7-4668-BE54-9A1E7A4F7556}") = "Testing", "Testing\Testing.csproj", "{CBFFA40F-C2BF-4FC6-AD7E-17A4E5630015}"
EndProject
Global
	GlobalSection(SolutionConfigurationPlatforms) = preSolution
		Debug|Any CPU = Debug|Any CPU
		Release|Any CPU = Release|Any CPU
	EndGlobalSection
	GlobalSection(ProjectConfigurationPlatforms) = postSolution
		{33E68313-BFFE-4E0C-BEB7-562790E92A34}.Debug|Any CPU.ActiveCfg = Debug|Any CPU
		{33E68313-BFFE-4E0C-BEB7-562790E92A34}.Debug|Any CPU.Build.0 = Debug|Any CPU
		{33E68313-BFFE-4E0C-BEB7-562790E92A34}.Release|Any CPU.ActiveCfg = Release|Any CPU
		{33E68313-BFFE-4E0C-BEB7-562790E92A34}.Release|Any CPU.Build.0 = Release|Any CPU
		{E6CE3BE5-7700-4437-8BE2-05E0665AAA45}.Debug|Any CPU.ActiveCfg = Debug|Any CPU
		{E6CE3BE5-7700-4437-8BE2-05E0665AAA45}.Debug|Any CPU.Build.0 = Debug|Any CPU
		{E6CE3BE5-7700-4437-8BE2-05E0665AAA45}.Release|Any CPU.ActiveCfg = Release|Any CPU
		{E6CE3BE5-7700-4437-8BE2-05E0665AAA45}.Release|Any CPU.Build.0 = Release|Any CPU
		{CBFFA40F-C2BF-4FC6-AD7E-17A4E5630015}.Debug|Any CPU.ActiveCfg = Debug|Any CPU
		{CBFFA40F-C2BF-4FC6-AD7E-17A4E5630015}.Debug|Any CPU.Build.0 = Debug|Any CPU
		{CBFFA40F-C2BF-4FC6-AD7E-17A4E5630015}.Release|Any CPU.ActiveCfg = Release|Any CPU
		{CBFFA40F-C2BF-4FC6-AD7E-17A4E5630015}.Release|Any CPU.Build.0 = Release|Any CPU
	EndGlobalSection
	GlobalSection(SolutionProperties) = preSolution
		HideSolutionNode = FALSE
	EndGlobalSection
	GlobalSection(ExtensibilityGlobals) = postSolution
		SolutionGuid = {846DAD37-2EFA-489D-9BFC-D7C0F426F1E8}
	EndGlobalSection
EndGlobal
